{
    "version": 3,
    "terraform_version": "0.11.13",
    "serial": 57,
    "lineage": "cde8ad14-b53c-9841-0580-380651809e39",
    "modules": [
        {
            "path": [
                "root"
            ],
            "outputs": {},
            "resources": {},
            "depends_on": []
        },
        {
            "path": [
                "root",
                "Chef_java"
            ],
            "outputs": {},
            "resources": {
                "local_file.Chef_java_centos_ip": {
                    "type": "local_file",
                    "depends_on": [
                        "openstack_networking_floatingip_v2.fip_10"
                    ],
                    "primary": {
                        "id": "9d62e775263bcbe7ed0afdd9a0f4cd070c190951",
                        "attributes": {
                            "content": "192.168.2.94",
                            "filename": "Chef_java_centos_ip",
                            "id": "9d62e775263bcbe7ed0afdd9a0f4cd070c190951"
                        },
                        "meta": {},
                        "tainted": false
                    },
                    "deposed": [],
                    "provider": "provider.local"
                },
                "local_file.Chef_java_ubuntu_ip": {
                    "type": "local_file",
                    "depends_on": [
                        "openstack_networking_floatingip_v2.fip_11"
                    ],
                    "primary": {
                        "id": "a64c3e3fdf0ae08bf735dba87ff8ec2206954c12",
                        "attributes": {
                            "content": "192.168.2.25",
                            "filename": "Chef_java_ubuntu_ip",
                            "id": "a64c3e3fdf0ae08bf735dba87ff8ec2206954c12"
                        },
                        "meta": {},
                        "tainted": false
                    },
                    "deposed": [],
                    "provider": "provider.local"
                },
                "local_file.Chef_java_windows_ip": {
                    "type": "local_file",
                    "depends_on": [
                        "openstack_networking_floatingip_v2.fip_12"
                    ],
                    "primary": {
                        "id": "826b7a1e476fc26447fd7d88790eec5de1c5d939",
                        "attributes": {
                            "content": "192.168.2.75",
                            "filename": "Chef_java_windows_ip",
                            "id": "826b7a1e476fc26447fd7d88790eec5de1c5d939"
                        },
                        "meta": {},
                        "tainted": false
                    },
                    "deposed": [],
                    "provider": "provider.local"
                },
                "openstack_compute_floatingip_associate_v2.fip_10": {
                    "type": "openstack_compute_floatingip_associate_v2",
                    "depends_on": [
                        "openstack_compute_instance_v2.Bamboo_chef_java_centos",
                        "openstack_networking_floatingip_v2.fip_10"
                    ],
                    "primary": {
                        "id": "192.168.2.94/aa68f823-6020-4d58-b62c-8083d6c55e2b/",
                        "attributes": {
                            "fixed_ip": "",
                            "floating_ip": "192.168.2.94",
                            "id": "192.168.2.94/aa68f823-6020-4d58-b62c-8083d6c55e2b/",
                            "instance_id": "aa68f823-6020-4d58-b62c-8083d6c55e2b",
                            "region": "RegionOne"
                        },
                        "meta": {
                            "e2bfb730-ecaa-11e6-8f88-34363bc7c4c0": {
                                "create": 600000000000
                            }
                        },
                        "tainted": false
                    },
                    "deposed": [],
                    "provider": "provider.openstack"
                },
                "openstack_compute_floatingip_associate_v2.fip_11": {
                    "type": "openstack_compute_floatingip_associate_v2",
                    "depends_on": [
                        "openstack_compute_instance_v2.Bamboo_chef_java_ubuntu",
                        "openstack_networking_floatingip_v2.fip_11"
                    ],
                    "primary": {
                        "id": "192.168.2.25/abec260f-1a69-4af3-bc08-c955625dcfec/",
                        "attributes": {
                            "fixed_ip": "",
                            "floating_ip": "192.168.2.25",
                            "id": "192.168.2.25/abec260f-1a69-4af3-bc08-c955625dcfec/",
                            "instance_id": "abec260f-1a69-4af3-bc08-c955625dcfec",
                            "region": "RegionOne"
                        },
                        "meta": {
                            "e2bfb730-ecaa-11e6-8f88-34363bc7c4c0": {
                                "create": 600000000000
                            }
                        },
                        "tainted": false
                    },
                    "deposed": [],
                    "provider": "provider.openstack"
                },
                "openstack_compute_floatingip_associate_v2.fip_12": {
                    "type": "openstack_compute_floatingip_associate_v2",
                    "depends_on": [
                        "openstack_compute_instance_v2.Bamboo_chef_java_windows",
                        "openstack_networking_floatingip_v2.fip_12"
                    ],
                    "primary": {
                        "id": "192.168.2.75/7d2c54e6-11cd-4578-9959-4f7811155622/",
                        "attributes": {
                            "fixed_ip": "",
                            "floating_ip": "192.168.2.75",
                            "id": "192.168.2.75/7d2c54e6-11cd-4578-9959-4f7811155622/",
                            "instance_id": "7d2c54e6-11cd-4578-9959-4f7811155622",
                            "region": "RegionOne"
                        },
                        "meta": {
                            "e2bfb730-ecaa-11e6-8f88-34363bc7c4c0": {
                                "create": 600000000000
                            }
                        },
                        "tainted": false
                    },
                    "deposed": [],
                    "provider": "provider.openstack"
                },
                "openstack_compute_instance_v2.Bamboo_chef_java_centos": {
                    "type": "openstack_compute_instance_v2",
                    "depends_on": [],
                    "primary": {
                        "id": "aa68f823-6020-4d58-b62c-8083d6c55e2b",
                        "attributes": {
                            "access_ip_v4": "10.0.0.21",
                            "access_ip_v6": "",
                            "all_metadata.%": "0",
                            "availability_zone": "nova",
                            "flavor_id": "9",
                            "flavor_name": "zippynixclient",
                            "force_delete": "false",
                            "id": "aa68f823-6020-4d58-b62c-8083d6c55e2b",
                            "image_id": "195be94b-4626-45ce-b331-511691cc1a57",
                            "image_name": "cent-cloud",
                            "key_pair": "centos",
                            "name": "Bamboo_chef_java_centos",
                            "network.#": "1",
                            "network.0.access_network": "false",
                            "network.0.fixed_ip_v4": "10.0.0.21",
                            "network.0.fixed_ip_v6": "",
                            "network.0.floating_ip": "",
                            "network.0.mac": "fa:16:3e:63:13:74",
                            "network.0.name": "private_network",
                            "network.0.port": "",
                            "network.0.uuid": "",
                            "power_state": "active",
                            "region": "RegionOne",
                            "security_groups.#": "2",
                            "security_groups.3814588639": "default",
                            "security_groups.4064823014": "chef",
                            "stop_before_destroy": "false",
                            "user_data": "c4f88f2c77bd852ea8f4c04cc6a1d925633b3407"
                        },
                        "meta": {
                            "e2bfb730-ecaa-11e6-8f88-34363bc7c4c0": {
                                "create": 1800000000000,
                                "delete": 1800000000000,
                                "update": 1800000000000
                            }
                        },
                        "tainted": false
                    },
                    "deposed": [],
                    "provider": "provider.openstack"
                },
                "openstack_compute_instance_v2.Bamboo_chef_java_ubuntu": {
                    "type": "openstack_compute_instance_v2",
                    "depends_on": [],
                    "primary": {
                        "id": "abec260f-1a69-4af3-bc08-c955625dcfec",
                        "attributes": {
                            "access_ip_v4": "10.0.0.29",
                            "access_ip_v6": "",
                            "all_metadata.%": "0",
                            "availability_zone": "nova",
                            "flavor_id": "9",
                            "flavor_name": "zippynixclient",
                            "force_delete": "false",
                            "id": "abec260f-1a69-4af3-bc08-c955625dcfec",
                            "image_id": "b3f2ca8b-689d-4bca-921d-73d5f219d86a",
                            "image_name": "ubuntu-cloud",
                            "key_pair": "centos",
                            "name": "Bamboo_chef_java_ubuntu",
                            "network.#": "1",
                            "network.0.access_network": "false",
                            "network.0.fixed_ip_v4": "10.0.0.29",
                            "network.0.fixed_ip_v6": "",
                            "network.0.floating_ip": "",
                            "network.0.mac": "fa:16:3e:90:42:27",
                            "network.0.name": "private_network",
                            "network.0.port": "",
                            "network.0.uuid": "",
                            "power_state": "active",
                            "region": "RegionOne",
                            "security_groups.#": "2",
                            "security_groups.3814588639": "default",
                            "security_groups.4064823014": "chef",
                            "stop_before_destroy": "false",
                            "user_data": "8f6a90d131b7730319a17d7f6b6be4e09c34f5c8"
                        },
                        "meta": {
                            "e2bfb730-ecaa-11e6-8f88-34363bc7c4c0": {
                                "create": 1800000000000,
                                "delete": 1800000000000,
                                "update": 1800000000000
                            }
                        },
                        "tainted": false
                    },
                    "deposed": [],
                    "provider": "provider.openstack"
                },
                "openstack_compute_instance_v2.Bamboo_chef_java_windows": {
                    "type": "openstack_compute_instance_v2",
                    "depends_on": [],
                    "primary": {
                        "id": "7d2c54e6-11cd-4578-9959-4f7811155622",
                        "attributes": {
                            "access_ip_v4": "10.0.0.3",
                            "access_ip_v6": "",
                            "admin_pass": "2!ppy0ps",
                            "all_metadata.%": "0",
                            "availability_zone": "nova",
                            "flavor_id": "8",
                            "flavor_name": "zippy100",
                            "force_delete": "false",
                            "id": "7d2c54e6-11cd-4578-9959-4f7811155622",
                            "image_id": "4471ea20-4caf-46e9-910d-85421a56426d",
                            "image_name": "Windows2012",
                            "key_pair": "",
                            "name": "Bamboo_chef_java_windows",
                            "network.#": "1",
                            "network.0.access_network": "false",
                            "network.0.fixed_ip_v4": "10.0.0.3",
                            "network.0.fixed_ip_v6": "",
                            "network.0.floating_ip": "",
                            "network.0.mac": "fa:16:3e:71:46:40",
                            "network.0.name": "private_network",
                            "network.0.port": "",
                            "network.0.uuid": "",
                            "power_state": "active",
                            "region": "RegionOne",
                            "security_groups.#": "2",
                            "security_groups.3814588639": "default",
                            "security_groups.4064823014": "chef",
                            "stop_before_destroy": "false",
                            "user_data": "c4b82aa5d583668c7093e0c6be53995564ecf8c9"
                        },
                        "meta": {
                            "e2bfb730-ecaa-11e6-8f88-34363bc7c4c0": {
                                "create": 1800000000000,
                                "delete": 1800000000000,
                                "update": 1800000000000
                            }
                        },
                        "tainted": false
                    },
                    "deposed": [],
                    "provider": "provider.openstack"
                },
                "openstack_networking_floatingip_v2.fip_10": {
                    "type": "openstack_networking_floatingip_v2",
                    "depends_on": [],
                    "primary": {
                        "id": "e603968a-ac35-4676-bfa6-535a8236a83c",
                        "attributes": {
                            "address": "192.168.2.94",
                            "all_tags.#": "0",
                            "description": "",
                            "dns_domain": "",
                            "dns_name": "",
                            "fixed_ip": "",
                            "id": "e603968a-ac35-4676-bfa6-535a8236a83c",
                            "pool": "external_network",
                            "port_id": "",
                            "region": "RegionOne",
                            "tags.#": "0",
                            "tenant_id": "6ba5f5a24b07497a90d06e43048b98ee"
                        },
                        "meta": {
                            "e2bfb730-ecaa-11e6-8f88-34363bc7c4c0": {
                                "create": 600000000000,
                                "delete": 600000000000
                            }
                        },
                        "tainted": false
                    },
                    "deposed": [],
                    "provider": "provider.openstack"
                },
                "openstack_networking_floatingip_v2.fip_11": {
                    "type": "openstack_networking_floatingip_v2",
                    "depends_on": [],
                    "primary": {
                        "id": "87b475e1-c413-4a10-96b3-25cf2dbc8707",
                        "attributes": {
                            "address": "192.168.2.25",
                            "all_tags.#": "0",
                            "description": "",
                            "dns_domain": "",
                            "dns_name": "",
                            "fixed_ip": "",
                            "id": "87b475e1-c413-4a10-96b3-25cf2dbc8707",
                            "pool": "external_network",
                            "port_id": "",
                            "region": "RegionOne",
                            "tags.#": "0",
                            "tenant_id": "6ba5f5a24b07497a90d06e43048b98ee"
                        },
                        "meta": {
                            "e2bfb730-ecaa-11e6-8f88-34363bc7c4c0": {
                                "create": 600000000000,
                                "delete": 600000000000
                            }
                        },
                        "tainted": false
                    },
                    "deposed": [],
                    "provider": "provider.openstack"
                },
                "openstack_networking_floatingip_v2.fip_12": {
                    "type": "openstack_networking_floatingip_v2",
                    "depends_on": [],
                    "primary": {
                        "id": "c5d62ee0-a052-41df-a73a-c062cdc49a47",
                        "attributes": {
                            "address": "192.168.2.75",
                            "all_tags.#": "0",
                            "description": "",
                            "dns_domain": "",
                            "dns_name": "",
                            "fixed_ip": "",
                            "id": "c5d62ee0-a052-41df-a73a-c062cdc49a47",
                            "pool": "external_network",
                            "port_id": "",
                            "region": "RegionOne",
                            "tags.#": "0",
                            "tenant_id": "6ba5f5a24b07497a90d06e43048b98ee"
                        },
                        "meta": {
                            "e2bfb730-ecaa-11e6-8f88-34363bc7c4c0": {
                                "create": 600000000000,
                                "delete": 600000000000
                            }
                        },
                        "tainted": false
                    },
                    "deposed": [],
                    "provider": "provider.openstack"
                }
            },
            "depends_on": []
        },
        {
            "path": [
                "root",
                "Puppet_dotnet"
            ],
            "outputs": {},
            "resources": {},
            "depends_on": []
        },
        {
            "path": [
                "root",
                "Puppet_java"
            ],
            "outputs": {},
            "resources": {},
            "depends_on": []
        },
        {
            "path": [
                "root",
                "Puppet_nodejs"
            ],
            "outputs": {},
            "resources": {},
            "depends_on": []
        },
        {
            "path": [
                "root",
                "Puppet_php"
            ],
            "outputs": {},
            "resources": {},
            "depends_on": []
        },
        {
            "path": [
                "root",
                "Saltstack_nodejs"
            ],
            "outputs": {},
            "resources": {},
            "depends_on": []
        },
        {
            "path": [
                "root",
                "pePuppet_dotnet"
            ],
            "outputs": {},
            "resources": {},
            "depends_on": []
        },
        {
            "path": [
                "root",
                "pePuppet_java"
            ],
            "outputs": {},
            "resources": {},
            "depends_on": []
        },
        {
            "path": [
                "root",
                "pePuppet_nodejs"
            ],
            "outputs": {},
            "resources": {},
            "depends_on": []
        }
    ]
}
